// !$*UTF8*$!
{
	archiveVersion = 1;
	classes = {
	};
	objectVersion = 54;
	objects = {

/* Begin PBXBuildFile section */
		050EEE2F2F09613900DA13DB /* AIRGoogleMapCircleManager.m in Sources */ = {isa = PBXBuildFile; fileRef = 050EEE0D2F09613900DA13DB /* AIRGoogleMapCircleManager.m */; };
		050EEE302F09613900DA13DB /* AIRGoogleMapPolyline.m in Sources */ = {isa = PBXBuildFile; fileRef = 050EEE212F09613900DA13DB /* AIRGoogleMapPolyline.m */; };
		050EEE312F09613900DA13DB /* AIRGoogleMapPolygonManager.m in Sources */ = {isa = PBXBuildFile; fileRef = 050EEE1F2F09613900DA13DB /* AIRGoogleMapPolygonManager.m */; };
		050EEE322F09613900DA13DB /* AIRGoogleMapMarkerManager.m in Sources */ = {isa = PBXBuildFile; fileRef = 050EEE172F09613900DA13DB /* AIRGoogleMapMarkerManager.m */; };
		050EEE332F09613900DA13DB /* AIRGoogleMapCircle.m in Sources */ = {isa = PBXBuildFile; fileRef = 050EEE0B2F09613900DA13DB /* AIRGoogleMapCircle.m */; };
		050EEE342F09613900DA13DB /* AIRGMSPolygon.m in Sources */ = {isa = PBXBuildFile; fileRef = 050EEDFD2F09613900DA13DB /* AIRGMSPolygon.m */; };
		050EEE352F09613900DA13DB /* AIRGoogleMapHeatmap.m in Sources */ = {isa = PBXBuildFile; fileRef = 050EEE0F2F09613900DA13DB /* AIRGoogleMapHeatmap.m */; };
		050EEE362F09613900DA13DB /* AIRGoogleMapCalloutSubview.m in Sources */ = {isa = PBXBuildFile; fileRef = 050EEE072F09613900DA13DB /* AIRGoogleMapCalloutSubview.m */; };
		050EEE372F09613900DA13DB /* AIRGoogleMap.m in Sources */ = {isa = PBXBuildFile; fileRef = 050EEE012F09613900DA13DB /* AIRGoogleMap.m */; };
		050EEE382F09613900DA13DB /* AIRGoogleMapPolygon.m in Sources */ = {isa = PBXBuildFile; fileRef = 050EEE1D2F09613900DA13DB /* AIRGoogleMapPolygon.m */; };
		050EEE392F09613900DA13DB /* AIRDummyView.m in Sources */ = {isa = PBXBuildFile; fileRef = 050EEDF92F09613900DA13DB /* AIRDummyView.m */; };
		050EEE3A2F09613900DA13DB /* AIRGMSMarker.m in Sources */ = {isa = PBXBuildFile; fileRef = 050EEDFB2F09613900DA13DB /* AIRGMSMarker.m */; };
		050EEE3B2F09613900DA13DB /* AIRGoogleMapUrlTile.m in Sources */ = {isa = PBXBuildFile; fileRef = 050EEE252F09613900DA13DB /* AIRGoogleMapUrlTile.m */; };
		050EEE3C2F09613900DA13DB /* AIRGoogleMapCallout.m in Sources */ = {isa = PBXBuildFile; fileRef = 050EEE032F09613900DA13DB /* AIRGoogleMapCallout.m */; };
		050EEE3D2F09613900DA13DB /* AIRGoogleMapMarker.m in Sources */ = {isa = PBXBuildFile; fileRef = 050EEE152F09613900DA13DB /* AIRGoogleMapMarker.m */; };
		050EEE3E2F09613900DA13DB /* AIRGMSPolyline.m in Sources */ = {isa = PBXBuildFile; fileRef = 050EEDFF2F09613900DA13DB /* AIRGMSPolyline.m */; };
		050EEE3F2F09613900DA13DB /* AIRGoogleMapPolylineManager.m in Sources */ = {isa = PBXBuildFile; fileRef = 050EEE232F09613900DA13DB /* AIRGoogleMapPolylineManager.m */; };
		050EEE402F09613900DA13DB /* AIRGoogleMapOverlay.m in Sources */ = {isa = PBXBuildFile; fileRef = 050EEE192F09613900DA13DB /* AIRGoogleMapOverlay.m */; };
		050EEE412F09613900DA13DB /* AIRGoogleMapOverlayManager.m in Sources */ = {isa = PBXBuildFile; fileRef = 050EEE1B2F09613900DA13DB /* AIRGoogleMapOverlayManager.m */; };
		050EEE422F09613900DA13DB /* AIRGoogleMapManager.m in Sources */ = {isa = PBXBuildFile; fileRef = 050EEE132F09613900DA13DB /* AIRGoogleMapManager.m */; };
		050EEE432F09613900DA13DB /* RCTConvert+GMSMapViewType.m in Sources */ = {isa = PBXBuildFile; fileRef = 050EEE2D2F09613900DA13DB /* RCTConvert+GMSMapViewType.m */; };
		050EEE442F09613900DA13DB /* AIRGoogleMapHeatmapManager.m in Sources */ = {isa = PBXBuildFile; fileRef = 050EEE112F09613900DA13DB /* AIRGoogleMapHeatmapManager.m */; };
		050EEE452F09613900DA13DB /* AIRGoogleMapCalloutSubviewManager.m in Sources */ = {isa = PBXBuildFile; fileRef = 050EEE092F09613900DA13DB /* AIRGoogleMapCalloutSubviewManager.m */; };
		050EEE462F09613900DA13DB /* AIRGoogleMapWMSTileManager.m in Sources */ = {isa = PBXBuildFile; fileRef = 050EEE2B2F09613900DA13DB /* AIRGoogleMapWMSTileManager.m */; };
		050EEE472F09613900DA13DB /* AIRGoogleMapWMSTile.m in Sources */ = {isa = PBXBuildFile; fileRef = 050EEE292F09613900DA13DB /* AIRGoogleMapWMSTile.m */; };
		050EEE482F09613900DA13DB /* AIRGoogleMapURLTileManager.m in Sources */ = {isa = PBXBuildFile; fileRef = 050EEE272F09613900DA13DB /* AIRGoogleMapURLTileManager.m */; };
		050EEE492F09613900DA13DB /* AIRGoogleMapCalloutManager.m in Sources */ = {isa = PBXBuildFile; fileRef = 050EEE052F09613900DA13DB /* AIRGoogleMapCalloutManager.m */; };
		050EEE4A2F09613900DA13DB /* GoogleMapsPrivacy.bundle in Resources */ = {isa = PBXBuildFile; fileRef = 050EEDF62F09613900DA13DB /* GoogleMapsPrivacy.bundle */; };
		13B07FBF1A68108700A75B9A /* Images.xcassets in Resources */ = {isa = PBXBuildFile; fileRef = 13B07FB51A68108700A75B9A /* Images.xcassets */; };
		3E461D99554A48A4959DE609 /* SplashScreen.storyboard in Resources */ = {isa = PBXBuildFile; fileRef = AA286B85B6C04FC6940260E9 /* SplashScreen.storyboard */; };
		921A2A6D8D2EFC537CA6B0FC /* libPods-cleanplate.a in Frameworks */ = {isa = PBXBuildFile; fileRef = 0C134FED501BE15243C302FD /* libPods-cleanplate.a */; };
		BB2F792D24A3F905000567C9 /* Expo.plist in Resources */ = {isa = PBXBuildFile; fileRef = BB2F792C24A3F905000567C9 /* Expo.plist */; };
		ED3B9AEFF1E86046E1966B51 /* ExpoModulesProvider.swift in Sources */ = {isa = PBXBuildFile; fileRef = 4B7AA86307C67FD7F06AFA8A /* ExpoModulesProvider.swift */; };
		F11748422D0307B40044C1D9 /* AppDelegate.swift in Sources */ = {isa = PBXBuildFile; fileRef = F11748412D0307B40044C1D9 /* AppDelegate.swift */; };
		FDCF972436585288BF5EABD0 /* PrivacyInfo.xcprivacy in Resources */ = {isa = PBXBuildFile; fileRef = 13D2FFE0AE54C0DCA15F4607 /* PrivacyInfo.xcprivacy */; };
/* End PBXBuildFile section */

/* Begin PBXFileReference section */
		050EEDF62F09613900DA13DB /* GoogleMapsPrivacy.bundle */ = {isa = PBXFileReference; lastKnownFileType = "wrapper.plug-in"; path = GoogleMapsPrivacy.bundle; sourceTree = "<group>"; };
		050EEDF82F09613900DA13DB /* AIRDummyView.h */ = {isa = PBXFileReference; lastKnownFileType = sourcecode.c.h; path = AIRDummyView.h; sourceTree = "<group>"; };
		050EEDF92F09613900DA13DB /* AIRDummyView.m */ = {isa = PBXFileReference; lastKnownFileType = sourcecode.c.objc; path = AIRDummyView.m; sourceTree = "<group>"; };
		050EEDFA2F09613900DA13DB /* AIRGMSMarker.h */ = {isa = PBXFileReference; lastKnownFileType = sourcecode.c.h; path = AIRGMSMarker.h; sourceTree = "<group>"; };
		050EEDFB2F09613900DA13DB /* AIRGMSMarker.m */ = {isa = PBXFileReference; lastKnownFileType = sourcecode.c.objc; path = AIRGMSMarker.m; sourceTree = "<group>"; };
		050EEDFC2F09613900DA13DB /* AIRGMSPolygon.h */ = {isa = PBXFileReference; lastKnownFileType = sourcecode.c.h; path = AIRGMSPolygon.h; sourceTree = "<group>"; };
		050EEDFD2F09613900DA13DB /* AIRGMSPolygon.m */ = {isa = PBXFileReference; lastKnownFileType = sourcecode.c.objc; path = AIRGMSPolygon.m; sourceTree = "<group>"; };
		050EEDFE2F09613900DA13DB /* AIRGMSPolyline.h */ = {isa = PBXFileReference; lastKnownFileType = sourcecode.c.h; path = AIRGMSPolyline.h; sourceTree = "<group>"; };
		050EEDFF2F09613900DA13DB /* AIRGMSPolyline.m */ = {isa = PBXFileReference; lastKnownFileType = sourcecode.c.objc; path = AIRGMSPolyline.m; sourceTree = "<group>"; };
		050EEE002F09613900DA13DB /* AIRGoogleMap.h */ = {isa = PBXFileReference; lastKnownFileType = sourcecode.c.h; path = AIRGoogleMap.h; sourceTree = "<group>"; };
		050EEE012F09613900DA13DB /* AIRGoogleMap.m */ = {isa = PBXFileReference; lastKnownFileType = sourcecode.c.objc; path = AIRGoogleMap.m; sourceTree = "<group>"; };
		050EEE022F09613900DA13DB /* AIRGoogleMapCallout.h */ = {isa = PBXFileReference; lastKnownFileType = sourcecode.c.h; path = AIRGoogleMapCallout.h; sourceTree = "<group>"; };
		050EEE032F09613900DA13DB /* AIRGoogleMapCallout.m */ = {isa = PBXFileReference; lastKnownFileType = sourcecode.c.objc; path = AIRGoogleMapCallout.m; sourceTree = "<group>"; };
		050EEE042F09613900DA13DB /* AIRGoogleMapCalloutManager.h */ = {isa = PBXFileReference; lastKnownFileType = sourcecode.c.h; path = AIRGoogleMapCalloutManager.h; sourceTree = "<group>"; };
		050EEE052F09613900DA13DB /* AIRGoogleMapCalloutManager.m */ = {isa = PBXFileReference; lastKnownFileType = sourcecode.c.objc; path = AIRGoogleMapCalloutManager.m; sourceTree = "<group>"; };
		050EEE062F09613900DA13DB /* AIRGoogleMapCalloutSubview.h */ = {isa = PBXFileReference; lastKnownFileType = sourcecode.c.h; path = AIRGoogleMapCalloutSubview.h; sourceTree = "<group>"; };
		050EEE072F09613900DA13DB /* AIRGoogleMapCalloutSubview.m */ = {isa = PBXFileReference; lastKnownFileType = sourcecode.c.objc; path = AIRGoogleMapCalloutSubview.m; sourceTree = "<group>"; };
		050EEE082F09613900DA13DB /* AIRGoogleMapCalloutSubviewManager.h */ = {isa = PBXFileReference; lastKnownFileType = sourcecode.c.h; path = AIRGoogleMapCalloutSubviewManager.h; sourceTree = "<group>"; };
		050EEE092F09613900DA13DB /* AIRGoogleMapCalloutSubviewManager.m */ = {isa = PBXFileReference; lastKnownFileType = sourcecode.c.objc; path = AIRGoogleMapCalloutSubviewManager.m; sourceTree = "<group>"; };
		050EEE0A2F09613900DA13DB /* AIRGoogleMapCircle.h */ = {isa = PBXFileReference; lastKnownFileType = sourcecode.c.h; path = AIRGoogleMapCircle.h; sourceTree = "<group>"; };
		050EEE0B2F09613900DA13DB /* AIRGoogleMapCircle.m */ = {isa = PBXFileReference; lastKnownFileType = sourcecode.c.objc; path = AIRGoogleMapCircle.m; sourceTree = "<group>"; };
		050EEE0C2F09613900DA13DB /* AIRGoogleMapCircleManager.h */ = {isa = PBXFileReference; lastKnownFileType = sourcecode.c.h; path = AIRGoogleMapCircleManager.h; sourceTree = "<group>"; };
		050EEE0D2F09613900DA13DB /* AIRGoogleMapCircleManager.m */ = {isa = PBXFileReference; lastKnownFileType = sourcecode.c.objc; path = AIRGoogleMapCircleManager.m; sourceTree = "<group>"; };
		050EEE0E2F09613900DA13DB /* AIRGoogleMapHeatmap.h */ = {isa = PBXFileReference; lastKnownFileType = sourcecode.c.h; path = AIRGoogleMapHeatmap.h; sourceTree = "<group>"; };
		050EEE0F2F09613900DA13DB /* AIRGoogleMapHeatmap.m */ = {isa = PBXFileReference; lastKnownFileType = sourcecode.c.objc; path = AIRGoogleMapHeatmap.m; sourceTree = "<group>"; };
		050EEE102F09613900DA13DB /* AIRGoogleMapHeatmapManager.h */ = {isa = PBXFileReference; lastKnownFileType = sourcecode.c.h; path = AIRGoogleMapHeatmapManager.h; sourceTree = "<group>"; };
		050EEE112F09613900DA13DB /* AIRGoogleMapHeatmapManager.m */ = {isa = PBXFileReference; lastKnownFileType = sourcecode.c.objc; path = AIRGoogleMapHeatmapManager.m; sourceTree = "<group>"; };
		050EEE122F09613900DA13DB /* AIRGoogleMapManager.h */ = {isa = PBXFileReference; lastKnownFileType = sourcecode.c.h; path = AIRGoogleMapManager.h; sourceTree = "<group>"; };
		050EEE132F09613900DA13DB /* AIRGoogleMapManager.m */ = {isa = PBXFileReference; lastKnownFileType = sourcecode.c.objc; path = AIRGoogleMapManager.m; sourceTree = "<group>"; };
		050EEE142F09613900DA13DB /* AIRGoogleMapMarker.h */ = {isa = PBXFileReference; lastKnownFileType = sourcecode.c.h; path = AIRGoogleMapMarker.h; sourceTree = "<group>"; };
		050EEE152F09613900DA13DB /* AIRGoogleMapMarker.m */ = {isa = PBXFileReference; lastKnownFileType = sourcecode.c.objc; path = AIRGoogleMapMarker.m; sourceTree = "<group>"; };
		050EEE162F09613900DA13DB /* AIRGoogleMapMarkerManager.h */ = {isa = PBXFileReference; lastKnownFileType = sourcecode.c.h; path = AIRGoogleMapMarkerManager.h; sourceTree = "<group>"; };
		050EEE172F09613900DA13DB /* AIRGoogleMapMarkerManager.m */ = {isa = PBXFileReference; lastKnownFileType = sourcecode.c.objc; path = AIRGoogleMapMarkerManager.m; sourceTree = "<group>"; };
		050EEE182F09613900DA13DB /* AIRGoogleMapOverlay.h */ = {isa = PBXFileReference; lastKnownFileType = sourcecode.c.h; path = AIRGoogleMapOverlay.h; sourceTree = "<group>"; };
		050EEE192F09613900DA13DB /* AIRGoogleMapOverlay.m */ = {isa = PBXFileReference; lastKnownFileType = sourcecode.c.objc; path = AIRGoogleMapOverlay.m; sourceTree = "<group>"; };
		050EEE1A2F09613900DA13DB /* AIRGoogleMapOverlayManager.h */ = {isa = PBXFileReference; lastKnownFileType = sourcecode.c.h; path = AIRGoogleMapOverlayManager.h; sourceTree = "<group>"; };
		050EEE1B2F09613900DA13DB /* AIRGoogleMapOverlayManager.m */ = {isa = PBXFileReference; lastKnownFileType = sourcecode.c.objc; path = AIRGoogleMapOverlayManager.m; sourceTree = "<group>"; };
		050EEE1C2F09613900DA13DB /* AIRGoogleMapPolygon.h */ = {isa = PBXFileReference; lastKnownFileType = sourcecode.c.h; path = AIRGoogleMapPolygon.h; sourceTree = "<group>"; };
		050EEE1D2F09613900DA13DB /* AIRGoogleMapPolygon.m */ = {isa = PBXFileReference; lastKnownFileType = sourcecode.c.objc; path = AIRGoogleMapPolygon.m; sourceTree = "<group>"; };
		050EEE1E2F09613900DA13DB /* AIRGoogleMapPolygonManager.h */ = {isa = PBXFileReference; lastKnownFileType = sourcecode.c.h; path = AIRGoogleMapPolygonManager.h; sourceTree = "<group>"; };
		050EEE1F2F09613900DA13DB /* AIRGoogleMapPolygonManager.m */ = {isa = PBXFileReference; lastKnownFileType = sourcecode.c.objc; path = AIRGoogleMapPolygonManager.m; sourceTree = "<group>"; };
		050EEE202F09613900DA13DB /* AIRGoogleMapPolyline.h */ = {isa = PBXFileReference; lastKnownFileType = sourcecode.c.h; path = AIRGoogleMapPolyline.h; sourceTree = "<group>"; };
		050EEE212F09613900DA13DB /* AIRGoogleMapPolyline.m */ = {isa = PBXFileReference; lastKnownFileType = sourcecode.c.objc; path = AIRGoogleMapPolyline.m; sourceTree = "<group>"; };
		050EEE222F09613900DA13DB /* AIRGoogleMapPolylineManager.h */ = {isa = PBXFileReference; lastKnownFileType = sourcecode.c.h; path = AIRGoogleMapPolylineManager.h; sourceTree = "<group>"; };
		050EEE232F09613900DA13DB /* AIRGoogleMapPolylineManager.m */ = {isa = PBXFileReference; lastKnownFileType = sourcecode.c.objc; path = AIRGoogleMapPolylineManager.m; sourceTree = "<group>"; };
		050EEE242F09613900DA13DB /* AIRGoogleMapUrlTile.h */ = {isa = PBXFileReference; lastKnownFileType = sourcecode.c.h; path = AIRGoogleMapUrlTile.h; sourceTree = "<group>"; };
		050EEE252F09613900DA13DB /* AIRGoogleMapUrlTile.m */ = {isa = PBXFileReference; lastKnownFileType = sourcecode.c.objc; path = AIRGoogleMapUrlTile.m; sourceTree = "<group>"; };
		050EEE262F09613900DA13DB /* AIRGoogleMapUrlTileManager.h */ = {isa = PBXFileReference; lastKnownFileType = sourcecode.c.h; path = AIRGoogleMapUrlTileManager.h; sourceTree = "<group>"; };
		050EEE272F09613900DA13DB /* AIRGoogleMapURLTileManager.m */ = {isa = PBXFileReference; lastKnownFileType = sourcecode.c.objc; path = AIRGoogleMapURLTileManager.m; sourceTree = "<group>"; };
		050EEE282F09613900DA13DB /* AIRGoogleMapWMSTile.h */ = {isa = PBXFileReference; lastKnownFileType = sourcecode.c.h; path = AIRGoogleMapWMSTile.h; sourceTree = "<group>"; };
		050EEE292F09613900DA13DB /* AIRGoogleMapWMSTile.m */ = {isa = PBXFileReference; lastKnownFileType = sourcecode.c.objc; path = AIRGoogleMapWMSTile.m; sourceTree = "<group>"; };
		050EEE2A2F09613900DA13DB /* AIRGoogleMapWMSTileManager.h */ = {isa = PBXFileReference; lastKnownFileType = sourcecode.c.h; path = AIRGoogleMapWMSTileManager.h; sourceTree = "<group>"; };
		050EEE2B2F09613900DA13DB /* AIRGoogleMapWMSTileManager.m */ = {isa = PBXFileReference; lastKnownFileType = sourcecode.c.objc; path = AIRGoogleMapWMSTileManager.m; sourceTree = "<group>"; };
		050EEE2C2F09613900DA13DB /* RCTConvert+GMSMapViewType.h */ = {isa = PBXFileReference; lastKnownFileType = sourcecode.c.h; path = "RCTConvert+GMSMapViewType.h"; sourceTree = "<group>"; };
		050EEE2D2F09613900DA13DB /* RCTConvert+GMSMapViewType.m */ = {isa = PBXFileReference; lastKnownFileType = sourcecode.c.objc; path = "RCTConvert+GMSMapViewType.m"; sourceTree = "<group>"; };
		050EEE4B2F0961C400DA13DB /* GoogleMaps.xcframework */ = {isa = PBXFileReference; lastKnownFileType = wrapper.xcframework; name = GoogleMaps.xcframework; path = Pods/GoogleMaps/Maps/Frameworks/GoogleMaps.xcframework; sourceTree = "<group>"; };
		0C134FED501BE15243C302FD /* libPods-cleanplate.a */ = {isa = PBXFileReference; explicitFileType = archive.ar; includeInIndex = 0; path = "libPods-cleanplate.a"; sourceTree = BUILT_PRODUCTS_DIR; };
		13B07F961A680F5B00A75B9A /* cleanplate.app */ = {isa = PBXFileReference; explicitFileType = wrapper.application; includeInIndex = 0; path = cleanplate.app; sourceTree = BUILT_PRODUCTS_DIR; };
		13B07FB51A68108700A75B9A /* Images.xcassets */ = {isa = PBXFileReference; lastKnownFileType = folder.assetcatalog; name = Images.xcassets; path = cleanplate/Images.xcassets; sourceTree = "<group>"; };
		13B07FB61A68108700A75B9A /* Info.plist */ = {isa = PBXFileReference; fileEncoding = 4; lastKnownFileType = text.plist.xml; name = Info.plist; path = cleanplate/Info.plist; sourceTree = "<group>"; };
		13D2FFE0AE54C0DCA15F4607 /* PrivacyInfo.xcprivacy */ = {isa = PBXFileReference; includeInIndex = 1; lastKnownFileType = text.xml; name = PrivacyInfo.xcprivacy; path = cleanplate/PrivacyInfo.xcprivacy; sourceTree = "<group>"; };
		3F11456272A91983635B1FC5 /* Pods-cleanplate.release.xcconfig */ = {isa = PBXFileReference; includeInIndex = 1; lastKnownFileType = text.xcconfig; name = "Pods-cleanplate.release.xcconfig"; path = "Target Support Files/Pods-cleanplate/Pods-cleanplate.release.xcconfig"; sourceTree = "<group>"; };
		4B7AA86307C67FD7F06AFA8A /* ExpoModulesProvider.swift */ = {isa = PBXFileReference; includeInIndex = 1; lastKnownFileType = sourcecode.swift; name = ExpoModulesProvider.swift; path = "Pods/Target Support Files/Pods-cleanplate/ExpoModulesProvider.swift"; sourceTree = "<group>"; };
		AA286B85B6C04FC6940260E9 /* SplashScreen.storyboard */ = {isa = PBXFileReference; fileEncoding = 4; lastKnownFileType = file.storyboard; name = SplashScreen.storyboard; path = cleanplate/SplashScreen.storyboard; sourceTree = "<group>"; };
		BB2F792C24A3F905000567C9 /* Expo.plist */ = {isa = PBXFileReference; fileEncoding = 4; lastKnownFileType = text.plist.xml; path = Expo.plist; sourceTree = "<group>"; };
		ED297162215061F000B7C4FE /* JavaScriptCore.framework */ = {isa = PBXFileReference; lastKnownFileType = wrapper.framework; name = JavaScriptCore.framework; path = System/Library/Frameworks/JavaScriptCore.framework; sourceTree = SDKROOT; };
		EE49C454E0F020AD18A013C6 /* Pods-cleanplate.debug.xcconfig */ = {isa = PBXFileReference; includeInIndex = 1; lastKnownFileType = text.xcconfig; name = "Pods-cleanplate.debug.xcconfig"; path = "Target Support Files/Pods-cleanplate/Pods-cleanplate.debug.xcconfig"; sourceTree = "<group>"; };
		F11748412D0307B40044C1D9 /* AppDelegate.swift */ = {isa = PBXFileReference; lastKnownFileType = sourcecode.swift; name = AppDelegate.swift; path = cleanplate/AppDelegate.swift; sourceTree = "<group>"; };
		F11748442D0722820044C1D9 /* cleanplate-Bridging-Header.h */ = {isa = PBXFileReference; lastKnownFileType = sourcecode.c.h; name = "cleanplate-Bridging-Header.h"; path = "cleanplate/cleanplate-Bridging-Header.h"; sourceTree = "<group>"; };
/* End PBXFileReference section */

/* Begin PBXFrameworksBuildPhase section */
		13B07F8C1A680F5B00A75B9A /* Frameworks */ = {
			isa = PBXFrameworksBuildPhase;
			buildActionMask = 2147483647;
			files = (
				921A2A6D8D2EFC537CA6B0FC /* libPods-cleanplate.a in Frameworks */,
			);
			runOnlyForDeploymentPostprocessing = 0;
		};
/* End PBXFrameworksBuildPhase section */

/* Begin PBXGroup section */
		050EEDF72F09613900DA13DB /* Resources */ = {
			isa = PBXGroup;
			children = (
				050EEDF62F09613900DA13DB /* GoogleMapsPrivacy.bundle */,
			);
			path = Resources;
			sourceTree = "<group>";
		};
		050EEE2E2F09613900DA13DB /* AirGoogleMaps */ = {
			isa = PBXGroup;
			children = (
				050EEDF72F09613900DA13DB /* Resources */,
				050EEDF82F09613900DA13DB /* AIRDummyView.h */,
				050EEDF92F09613900DA13DB /* AIRDummyView.m */,
				050EEDFA2F09613900DA13DB /* AIRGMSMarker.h */,
				050EEDFB2F09613900DA13DB /* AIRGMSMarker.m */,
				050EEDFC2F09613900DA13DB /* AIRGMSPolygon.h */,
				050EEDFD2F09613900DA13DB /* AIRGMSPolygon.m */,
				050EEDFE2F09613900DA13DB /* AIRGMSPolyline.h */,
				050EEDFF2F09613900DA13DB /* AIRGMSPolyline.m */,
				050EEE002F09613900DA13DB /* AIRGoogleMap.h */,
				050EEE012F09613900DA13DB /* AIRGoogleMap.m */,
				050EEE022F09613900DA13DB /* AIRGoogleMapCallout.h */,
				050EEE032F09613900DA13DB /* AIRGoogleMapCallout.m */,
				050EEE042F09613900DA13DB /* AIRGoogleMapCalloutManager.h */,
				050EEE052F09613900DA13DB /* AIRGoogleMapCalloutManager.m */,
				050EEE062F09613900DA13DB /* AIRGoogleMapCalloutSubview.h */,
				050EEE072F09613900DA13DB /* AIRGoogleMapCalloutSubview.m */,
				050EEE082F09613900DA13DB /* AIRGoogleMapCalloutSubviewManager.h */,
				050EEE092F09613900DA13DB /* AIRGoogleMapCalloutSubviewManager.m */,
				050EEE0A2F09613900DA13DB /* AIRGoogleMapCircle.h */,
				050EEE0B2F09613900DA13DB /* AIRGoogleMapCircle.m */,
				050EEE0C2F09613900DA13DB /* AIRGoogleMapCircleManager.h */,
				050EEE0D2F09613900DA13DB /* AIRGoogleMapCircleManager.m */,
				050EEE0E2F09613900DA13DB /* AIRGoogleMapHeatmap.h */,
				050EEE0F2F09613900DA13DB /* AIRGoogleMapHeatmap.m */,
				050EEE102F09613900DA13DB /* AIRGoogleMapHeatmapManager.h */,
				050EEE112F09613900DA13DB /* AIRGoogleMapHeatmapManager.m */,
				050EEE122F09613900DA13DB /* AIRGoogleMapManager.h */,
				050EEE132F09613900DA13DB /* AIRGoogleMapManager.m */,
				050EEE142F09613900DA13DB /* AIRGoogleMapMarker.h */,
				050EEE152F09613900DA13DB /* AIRGoogleMapMarker.m */,
				050EEE162F09613900DA13DB /* AIRGoogleMapMarkerManager.h */,
				050EEE172F09613900DA13DB /* AIRGoogleMapMarkerManager.m */,
				050EEE182F09613900DA13DB /* AIRGoogleMapOverlay.h */,
				050EEE192F09613900DA13DB /* AIRGoogleMapOverlay.m */,
				050EEE1A2F09613900DA13DB /* AIRGoogleMapOverlayManager.h */,
				050EEE1B2F09613900DA13DB /* AIRGoogleMapOverlayManager.m */,
				050EEE1C2F09613900DA13DB /* AIRGoogleMapPolygon.h */,
				050EEE1D2F09613900DA13DB /* AIRGoogleMapPolygon.m */,
				050EEE1E2F09613900DA13DB /* AIRGoogleMapPolygonManager.h */,
				050EEE1F2F09613900DA13DB /* AIRGoogleMapPolygonManager.m */,
				050EEE202F09613900DA13DB /* AIRGoogleMapPolyline.h */,
				050EEE212F09613900DA13DB /* AIRGoogleMapPolyline.m */,
				050EEE222F09613900DA13DB /* AIRGoogleMapPolylineManager.h */,
				050EEE232F09613900DA13DB /* AIRGoogleMapPolylineManager.m */,
				050EEE242F09613900DA13DB /* AIRGoogleMapUrlTile.h */,
				050EEE252F09613900DA13DB /* AIRGoogleMapUrlTile.m */,
				050EEE262F09613900DA13DB /* AIRGoogleMapUrlTileManager.h */,
				050EEE272F09613900DA13DB /* AIRGoogleMapURLTileManager.m */,
				050EEE282F09613900DA13DB /* AIRGoogleMapWMSTile.h */,
				050EEE292F09613900DA13DB /* AIRGoogleMapWMSTile.m */,
				050EEE2A2F09613900DA13DB /* AIRGoogleMapWMSTileManager.h */,
				050EEE2B2F09613900DA13DB /* AIRGoogleMapWMSTileManager.m */,
				050EEE2C2F09613900DA13DB /* RCTConvert+GMSMapViewType.h */,
				050EEE2D2F09613900DA13DB /* RCTConvert+GMSMapViewType.m */,
			);
			path = AirGoogleMaps;
			sourceTree = "<group>";
		};
		13B07FAE1A68108700A75B9A /* cleanplate */ = {
			isa = PBXGroup;
			children = (
				F11748412D0307B40044C1D9 /* AppDelegate.swift */,
				F11748442D0722820044C1D9 /* cleanplate-Bridging-Header.h */,
				BB2F792B24A3F905000567C9 /* Supporting */,
				13B07FB51A68108700A75B9A /* Images.xcassets */,
				13B07FB61A68108700A75B9A /* Info.plist */,
				AA286B85B6C04FC6940260E9 /* SplashScreen.storyboard */,
				13D2FFE0AE54C0DCA15F4607 /* PrivacyInfo.xcprivacy */,
			);
			name = cleanplate;
			sourceTree = "<group>";
		};
		2D16E6871FA4F8E400B85C8A /* Frameworks */ = {
			isa = PBXGroup;
			children = (
				050EEE4B2F0961C400DA13DB /* GoogleMaps.xcframework */,
				ED297162215061F000B7C4FE /* JavaScriptCore.framework */,
				0C134FED501BE15243C302FD /* libPods-cleanplate.a */,
			);
			name = Frameworks;
			sourceTree = "<group>";
		};
		36A01438E293406C95580FC7 /* cleanplate */ = {
			isa = PBXGroup;
			children = (
				4B7AA86307C67FD7F06AFA8A /* ExpoModulesProvider.swift */,
			);
			name = cleanplate;
			sourceTree = "<group>";
		};
		3AC8E2D9BB915B45351D443E /* ExpoModulesProviders */ = {
			isa = PBXGroup;
			children = (
				36A01438E293406C95580FC7 /* cleanplate */,
			);
			name = ExpoModulesProviders;
			sourceTree = "<group>";
		};
		832341AE1AAA6A7D00B99B32 /* Libraries */ = {
			isa = PBXGroup;
			children = (
			);
			name = Libraries;
			sourceTree = "<group>";
		};
		83CBB9F61A601CBA00E9B192 = {
			isa = PBXGroup;
			children = (
				050EEE2E2F09613900DA13DB /* AirGoogleMaps */,
				13B07FAE1A68108700A75B9A /* cleanplate */,
				832341AE1AAA6A7D00B99B32 /* Libraries */,
				83CBBA001A601CBA00E9B192 /* Products */,
				2D16E6871FA4F8E400B85C8A /* Frameworks */,
				9B8A74FF647F46B7BFEBAD8B /* Resources */,
				CFED2BBB6ACB2DFCFD6FD18B /* Pods */,
				3AC8E2D9BB915B45351D443E /* ExpoModulesProviders */,
			);
			indentWidth = 2;
			sourceTree = "<group>";
			tabWidth = 2;
			usesTabs = 0;
		};
		83CBBA001A601CBA00E9B192 /* Products */ = {
			isa = PBXGroup;
			children = (
				13B07F961A680F5B00A75B9A /* cleanplate.app */,
			);
			name = Products;
			sourceTree = "<group>";
		};
		9B8A74FF647F46B7BFEBAD8B /* Resources */ = {
			isa = PBXGroup;
			children = (
			);
			name = Resources;
			sourceTree = "<group>";
		};
		BB2F792B24A3F905000567C9 /* Supporting */ = {
			isa = PBXGroup;
			children = (
				BB2F792C24A3F905000567C9 /* Expo.plist */,
			);
			name = Supporting;
			path = cleanplate/Supporting;
			sourceTree = "<group>";
		};
		CFED2BBB6ACB2DFCFD6FD18B /* Pods */ = {
			isa = PBXGroup;
			children = (
				EE49C454E0F020AD18A013C6 /* Pods-cleanplate.debug.xcconfig */,
				3F11456272A91983635B1FC5 /* Pods-cleanplate.release.xcconfig */,
			);
			path = Pods;
			sourceTree = "<group>";
		};
/* End PBXGroup section */

/* Begin PBXNativeTarget section */
		13B07F861A680F5B00A75B9A /* cleanplate */ = {
			isa = PBXNativeTarget;
			buildConfigurationList = 13B07F931A680F5B00A75B9A /* Build configuration list for PBXNativeTarget "cleanplate" */;
			buildPhases = (
				08A4A3CD28434E44B6B9DE2E /* [CP] Check Pods Manifest.lock */,
				CCAC2AFAD9C125077D75949E /* [Expo] Configure project */,
				13B07F871A680F5B00A75B9A /* Sources */,
				13B07F8C1A680F5B00A75B9A /* Frameworks */,
				13B07F8E1A680F5B00A75B9A /* Resources */,
				00DD1BFF1BD5951E006B06BC /* Bundle React Native code and images */,
				800E24972A6A228C8D4807E9 /* [CP] Copy Pods Resources */,
				F3113629D787ED7A878984CA /* [CP] Embed Pods Frameworks */,
			);
			buildRules = (
			);
			dependencies = (
			);
			name = cleanplate;
			productName = cleanplate;
			productReference = 13B07F961A680F5B00A75B9A /* cleanplate.app */;
			productType = "com.apple.product-type.application";
		};
/* End PBXNativeTarget section */

/* Begin PBXProject section */
		83CBB9F71A601CBA00E9B192 /* Project object */ = {
			isa = PBXProject;
			attributes = {
				LastUpgradeCheck = 1130;
				TargetAttributes = {
					13B07F861A680F5B00A75B9A = {
						LastSwiftMigration = 1250;
					};
				};
			};
			buildConfigurationList = 83CBB9FA1A601CBA00E9B192 /* Build configuration list for PBXProject "cleanplate" */;
			compatibilityVersion = "Xcode 3.2";
			developmentRegion = en;
			hasScannedForEncodings = 0;
			knownRegions = (
				en,
				Base,
			);
			mainGroup = 83CBB9F61A601CBA00E9B192;
			productRefGroup = 83CBBA001A601CBA00E9B192 /* Products */;
			projectDirPath = "";
			projectRoot = "";
			targets = (
				13B07F861A680F5B00A75B9A /* cleanplate */,
			);
		};
/* End PBXProject section */

/* Begin PBXResourcesBuildPhase section */
		13B07F8E1A680F5B00A75B9A /* Resources */ = {
			isa = PBXResourcesBuildPhase;
			buildActionMask = 2147483647;
			files = (
				050EEE4A2F09613900DA13DB /* GoogleMapsPrivacy.bundle in Resources */,
				BB2F792D24A3F905000567C9 /* Expo.plist in Resources */,
				13B07FBF1A68108700A75B9A /* Images.xcassets in Resources */,
				3E461D99554A48A4959DE609 /* SplashScreen.storyboard in Resources */,
				FDCF972436585288BF5EABD0 /* PrivacyInfo.xcprivacy in Resources */,
			);
			runOnlyForDeploymentPostprocessing = 0;
		};
/* End PBXResourcesBuildPhase section */

/* Begin PBXShellScriptBuildPhase section */
		00DD1BFF1BD5951E006B06BC /* Bundle React Native code and images */ = {
			isa = PBXShellScriptBuildPhase;
			alwaysOutOfDate = 1;
			buildActionMask = 2147483647;
			files = (
			);
			inputPaths = (
				"$(SRCROOT)/.xcode.env",
				"$(SRCROOT)/.xcode.env.local",
			);
			name = "Bundle React Native code and images";
			outputPaths = (
			);
			runOnlyForDeploymentPostprocessing = 0;
			shellPath = /bin/sh;
			shellScript = "if [[ -f \"$PODS_ROOT/../.xcode.env\" ]]; then\n  source \"$PODS_ROOT/../.xcode.env\"\nfi\nif [[ -f \"$PODS_ROOT/../.xcode.env.local\" ]]; then\n  source \"$PODS_ROOT/../.xcode.env.local\"\nfi\n\n# The project root by default is one level up from the ios directory\nexport PROJECT_ROOT=\"$PROJECT_DIR\"/..\n\nif [[ \"$CONFIGURATION\" = *Debug* ]]; then\n  export SKIP_BUNDLING=1\nfi\nif [[ -z \"$ENTRY_FILE\" ]]; then\n  # Set the entry JS file using the bundler's entry resolution.\n  export ENTRY_FILE=\"$(\"$NODE_BINARY\" -e \"require('expo/scripts/resolveAppEntry')\" \"$PROJECT_ROOT\" ios absolute | tail -n 1)\"\nfi\n\nif [[ -z \"$CLI_PATH\" ]]; then\n  # Use Expo CLI\n  export CLI_PATH=\"$(\"$NODE_BINARY\" --print \"require.resolve('@expo/cli', { paths: [require.resolve('expo/package.json')] })\")\"\nfi\nif [[ -z \"$BUNDLE_COMMAND\" ]]; then\n  # Default Expo CLI command for bundling\n  export BUNDLE_COMMAND=\"export:embed\"\nfi\n\n# Source .xcode.env.updates if it exists to allow\n# SKIP_BUNDLING to be unset if needed\nif [[ -f \"$PODS_ROOT/../.xcode.env.updates\" ]]; then\n  source \"$PODS_ROOT/../.xcode.env.updates\"\nfi\n# Source local changes to allow overrides\n# if needed\nif [[ -f \"$PODS_ROOT/../.xcode.env.local\" ]]; then\n  source \"$PODS_ROOT/../.xcode.env.local\"\nfi\n\n`\"$NODE_BINARY\" --print \"require('path').dirname(require.resolve('react-native/package.json')) + '/scripts/react-native-xcode.sh'\"`\n\n";
		};
		08A4A3CD28434E44B6B9DE2E /* [CP] Check Pods Manifest.lock */ = {
			isa = PBXShellScriptBuildPhase;
			buildActionMask = 2147483647;
			files = (
			);
			inputFileListPaths = (
			);
			inputPaths = (
				"${PODS_PODFILE_DIR_PATH}/Podfile.lock",
				"${PODS_ROOT}/Manifest.lock",
			);
			name = "[CP] Check Pods Manifest.lock";
			outputFileListPaths = (
			);
			outputPaths = (
				"$(DERIVED_FILE_DIR)/Pods-cleanplate-checkManifestLockResult.txt",
			);
			runOnlyForDeploymentPostprocessing = 0;
			shellPath = /bin/sh;
			shellScript = "diff \"${PODS_PODFILE_DIR_PATH}/Podfile.lock\" \"${PODS_ROOT}/Manifest.lock\" > /dev/null\nif [ $? != 0 ] ; then\n    # print error to STDERR\n    echo \"error: The sandbox is not in sync with the Podfile.lock. Run 'pod install' or update your CocoaPods installation.\" >&2\n    exit 1\nfi\n# This output is used by Xcode 'outputs' to avoid re-running this script phase.\necho \"SUCCESS\" > \"${SCRIPT_OUTPUT_FILE_0}\"\n";
			showEnvVarsInLog = 0;
		};
		800E24972A6A228C8D4807E9 /* [CP] Copy Pods Resources */ = {
			isa = PBXShellScriptBuildPhase;
			buildActionMask = 2147483647;
			files = (
			);
			inputPaths = (
				"${PODS_ROOT}/Target Support Files/Pods-cleanplate/Pods-cleanplate-resources.sh",
				"${PODS_CONFIGURATION_BUILD_DIR}/AppAuth/AppAuthCore_Privacy.bundle",
				"${PODS_CONFIGURATION_BUILD_DIR}/EXApplication/ExpoApplication_privacy.bundle",
				"${PODS_CONFIGURATION_BUILD_DIR}/EXConstants/EXConstants.bundle",
				"${PODS_CONFIGURATION_BUILD_DIR}/EXConstants/ExpoConstants_privacy.bundle",
				"${PODS_CONFIGURATION_BUILD_DIR}/ExpoDevice/ExpoDevice_privacy.bundle",
				"${PODS_CONFIGURATION_BUILD_DIR}/ExpoFileSystem/ExpoFileSystem_privacy.bundle",
				"${PODS_CONFIGURATION_BUILD_DIR}/GTMAppAuth/GTMAppAuth_Privacy.bundle",
				"${PODS_CONFIGURATION_BUILD_DIR}/GTMSessionFetcher/GTMSessionFetcher_Core_Privacy.bundle",
				"${PODS_CONFIGURATION_BUILD_DIR}/GoogleMaps/GoogleMapsResources.bundle",
				"${PODS_CONFIGURATION_BUILD_DIR}/GoogleSignIn/GoogleSignIn.bundle",
				"${PODS_CONFIGURATION_BUILD_DIR}/GoogleUtilities/GoogleUtilities_Privacy.bundle",
				"${PODS_CONFIGURATION_BUILD_DIR}/PromisesObjC/FBLPromises_Privacy.bundle",
				"${PODS_CONFIGURATION_BUILD_DIR}/RNCAsyncStorage/RNCAsyncStorage_resources.bundle",
				"${PODS_CONFIGURATION_BUILD_DIR}/RNSVG/RNSVGFilters.bundle",
				"${PODS_CONFIGURATION_BUILD_DIR}/React-Core/React-Core_privacy.bundle",
				"${PODS_CONFIGURATION_BUILD_DIR}/React-cxxreact/React-cxxreact_privacy.bundle",
				"${PODS_CONFIGURATION_BUILD_DIR}/SDWebImage/SDWebImage.bundle",
				"${PODS_CONFIGURATION_BUILD_DIR}/expo-dev-launcher/EXDevLauncher.bundle",
				"${PODS_CONFIGURATION_BUILD_DIR}/expo-dev-menu/EXDevMenu.bundle",
				"${PODS_CONFIGURATION_BUILD_DIR}/react-native-maps/ReactNativeMapsPrivacy.bundle",
			);
			name = "[CP] Copy Pods Resources";
			outputPaths = (
				"${TARGET_BUILD_DIR}/${UNLOCALIZED_RESOURCES_FOLDER_PATH}/AppAuthCore_Privacy.bundle",
				"${TARGET_BUILD_DIR}/${UNLOCALIZED_RESOURCES_FOLDER_PATH}/ExpoApplication_privacy.bundle",
				"${TARGET_BUILD_DIR}/${UNLOCALIZED_RESOURCES_FOLDER_PATH}/EXConstants.bundle",
				"${TARGET_BUILD_DIR}/${UNLOCALIZED_RESOURCES_FOLDER_PATH}/ExpoConstants_privacy.bundle",
				"${TARGET_BUILD_DIR}/${UNLOCALIZED_RESOURCES_FOLDER_PATH}/ExpoDevice_privacy.bundle",
				"${TARGET_BUILD_DIR}/${UNLOCALIZED_RESOURCES_FOLDER_PATH}/ExpoFileSystem_privacy.bundle",
				"${TARGET_BUILD_DIR}/${UNLOCALIZED_RESOURCES_FOLDER_PATH}/GTMAppAuth_Privacy.bundle",
				"${TARGET_BUILD_DIR}/${UNLOCALIZED_RESOURCES_FOLDER_PATH}/GTMSessionFetcher_Core_Privacy.bundle",
				"${TARGET_BUILD_DIR}/${UNLOCALIZED_RESOURCES_FOLDER_PATH}/GoogleMapsResources.bundle",
				"${TARGET_BUILD_DIR}/${UNLOCALIZED_RESOURCES_FOLDER_PATH}/GoogleSignIn.bundle",
				"${TARGET_BUILD_DIR}/${UNLOCALIZED_RESOURCES_FOLDER_PATH}/GoogleUtilities_Privacy.bundle",
				"${TARGET_BUILD_DIR}/${UNLOCALIZED_RESOURCES_FOLDER_PATH}/FBLPromises_Privacy.bundle",
				"${TARGET_BUILD_DIR}/${UNLOCALIZED_RESOURCES_FOLDER_PATH}/RNCAsyncStorage_resources.bundle",
				"${TARGET_BUILD_DIR}/${UNLOCALIZED_RESOURCES_FOLDER_PATH}/RNSVGFilters.bundle",
				"${TARGET_BUILD_DIR}/${UNLOCALIZED_RESOURCES_FOLDER_PATH}/React-Core_privacy.bundle",
				"${TARGET_BUILD_DIR}/${UNLOCALIZED_RESOURCES_FOLDER_PATH}/React-cxxreact_privacy.bundle",
				"${TARGET_BUILD_DIR}/${UNLOCALIZED_RESOURCES_FOLDER_PATH}/SDWebImage.bundle",
				"${TARGET_BUILD_DIR}/${UNLOCALIZED_RESOURCES_FOLDER_PATH}/EXDevLauncher.bundle",
				"${TARGET_BUILD_DIR}/${UNLOCALIZED_RESOURCES_FOLDER_PATH}/EXDevMenu.bundle",
				"${TARGET_BUILD_DIR}/${UNLOCALIZED_RESOURCES_FOLDER_PATH}/ReactNativeMapsPrivacy.bundle",
			);
			runOnlyForDeploymentPostprocessing = 0;
			shellPath = /bin/sh;
			shellScript = "\"${PODS_ROOT}/Target Support Files/Pods-cleanplate/Pods-cleanplate-resources.sh\"\n";
			showEnvVarsInLog = 0;
		};
		CCAC2AFAD9C125077D75949E /* [Expo] Configure project */ = {
			isa = PBXShellScriptBuildPhase;
			alwaysOutOfDate = 1;
			buildActionMask = 2147483647;
			files = (
			);
			inputFileListPaths = (
			);
			inputPaths = (
				"$(SRCROOT)/.xcode.env",
				"$(SRCROOT)/.xcode.env.local",
				"$(SRCROOT)/cleanplate/cleanplate.entitlements",
				"$(SRCROOT)/Pods/Target Support Files/Pods-cleanplate/expo-configure-project.sh",
			);
			name = "[Expo] Configure project";
			outputFileListPaths = (
			);
			outputPaths = (
				"$(SRCROOT)/Pods/Target Support Files/Pods-cleanplate/ExpoModulesProvider.swift",
			);
			runOnlyForDeploymentPostprocessing = 0;
			shellPath = /bin/sh;
			shellScript = "# This script configures Expo modules and generates the modules provider file.\nbash -l -c \"./Pods/Target\\ Support\\ Files/Pods-cleanplate/expo-configure-project.sh\"\n";
		};
		F3113629D787ED7A878984CA /* [CP] Embed Pods Frameworks */ = {
			isa = PBXShellScriptBuildPhase;
			buildActionMask = 2147483647;
			files = (
			);
			inputPaths = (
				"${PODS_ROOT}/Target Support Files/Pods-cleanplate/Pods-cleanplate-frameworks.sh",
				"${PODS_XCFRAMEWORKS_BUILD_DIR}/React-Core-prebuilt/React.framework/React",
				"${PODS_XCFRAMEWORKS_BUILD_DIR}/ReactNativeDependencies/ReactNativeDependencies.framework/ReactNativeDependencies",
				"${PODS_XCFRAMEWORKS_BUILD_DIR}/hermes-engine/Pre-built/hermes.framework/hermes",
			);
			name = "[CP] Embed Pods Frameworks";
			outputPaths = (
				"${TARGET_BUILD_DIR}/${FRAMEWORKS_FOLDER_PATH}/React.framework",
				"${TARGET_BUILD_DIR}/${FRAMEWORKS_FOLDER_PATH}/ReactNativeDependencies.framework",
				"${TARGET_BUILD_DIR}/${FRAMEWORKS_FOLDER_PATH}/hermes.framework",
			);
			runOnlyForDeploymentPostprocessing = 0;
			shellPath = /bin/sh;
			shellScript = "\"${PODS_ROOT}/Target Support Files/Pods-cleanplate/Pods-cleanplate-frameworks.sh\"\n";
			showEnvVarsInLog = 0;
		};
/* End PBXShellScriptBuildPhase section */

/* Begin PBXSourcesBuildPhase section */
		13B07F871A680F5B00A75B9A /* Sources */ = {
			isa = PBXSourcesBuildPhase;
			buildActionMask = 2147483647;
			files = (
				F11748422D0307B40044C1D9 /* AppDelegate.swift in Sources */,
				ED3B9AEFF1E86046E1966B51 /* ExpoModulesProvider.swift in Sources */,
				050EEE2F2F09613900DA13DB /* AIRGoogleMapCircleManager.m in Sources */,
				050EEE302F09613900DA13DB /* AIRGoogleMapPolyline.m in Sources */,
				050EEE312F09613900DA13DB /* AIRGoogleMapPolygonManager.m in Sources */,
				050EEE322F09613900DA13DB /* AIRGoogleMapMarkerManager.m in Sources */,
				050EEE332F09613900DA13DB /* AIRGoogleMapCircle.m in Sources */,
				050EEE342F09613900DA13DB /* AIRGMSPolygon.m in Sources */,
				050EEE352F09613900DA13DB /* AIRGoogleMapHeatmap.m in Sources */,
				050EEE362F09613900DA13DB /* AIRGoogleMapCalloutSubview.m in Sources */,
				050EEE372F09613900DA13DB /* AIRGoogleMap.m in Sources */,
				050EEE382F09613900DA13DB /* AIRGoogleMapPolygon.m in Sources */,
				050EEE392F09613900DA13DB /* AIRDummyView.m in Sources */,
				050EEE3A2F09613900DA13DB /* AIRGMSMarker.m in Sources */,
				050EEE3B2F09613900DA13DB /* AIRGoogleMapUrlTile.m in Sources */,
				050EEE3C2F09613900DA13DB /* AIRGoogleMapCallout.m in Sources */,
				050EEE3D2F09613900DA13DB /* AIRGoogleMapMarker.m in Sources */,
				050EEE3E2F09613900DA13DB /* AIRGMSPolyline.m in Sources */,
				050EEE3F2F09613900DA13DB /* AIRGoogleMapPolylineManager.m in Sources */,
				050EEE402F09613900DA13DB /* AIRGoogleMapOverlay.m in Sources */,
				050EEE412F09613900DA13DB /* AIRGoogleMapOverlayManager.m in Sources */,
				050EEE422F09613900DA13DB /* AIRGoogleMapManager.m in Sources */,
				050EEE432F09613900DA13DB /* RCTConvert+GMSMapViewType.m in Sources */,
				050EEE442F09613900DA13DB /* AIRGoogleMapHeatmapManager.m in Sources */,
				050EEE452F09613900DA13DB /* AIRGoogleMapCalloutSubviewManager.m in Sources */,
				050EEE462F09613900DA13DB /* AIRGoogleMapWMSTileManager.m in Sources */,
				050EEE472F09613900DA13DB /* AIRGoogleMapWMSTile.m in Sources */,
				050EEE482F09613900DA13DB /* AIRGoogleMapURLTileManager.m in Sources */,
				050EEE492F09613900DA13DB /* AIRGoogleMapCalloutManager.m in Sources */,
			);
			runOnlyForDeploymentPostprocessing = 0;
		};
/* End PBXSourcesBuildPhase section */

/* Begin XCBuildConfiguration section */
		13B07F941A680F5B00A75B9A /* Debug */ = {
			isa = XCBuildConfiguration;
			baseConfigurationReference = EE49C454E0F020AD18A013C6 /* Pods-cleanplate.debug.xcconfig */;
			buildSettings = {
				ASSETCATALOG_COMPILER_APPICON_NAME = AppIcon;
				CLANG_ENABLE_MODULES = YES;
				CODE_SIGN_ENTITLEMENTS = cleanplate/cleanplate.entitlements;
				CURRENT_PROJECT_VERSION = 1;
				ENABLE_BITCODE = NO;
				GCC_PREPROCESSOR_DEFINITIONS = (
					"$(inherited)",
					"FB_SONARKIT_ENABLED=1",
				);
				INFOPLIST_FILE = cleanplate/Info.plist;
				IPHONEOS_DEPLOYMENT_TARGET = 15.1;
				LD_RUNPATH_SEARCH_PATHS = (
					"$(inherited)",
					"@executable_path/Frameworks",
				);
				MARKETING_VERSION = 1.0;
				OTHER_LDFLAGS = (
					"$(inherited)",
					"-ObjC",
					"-lc++",
				);
				OTHER_SWIFT_FLAGS = "$(inherited) -D EXPO_CONFIGURATION_DEBUG";
				PRODUCT_BUNDLE_IDENTIFIER = com.cleanplate.app;
				PRODUCT_NAME = cleanplate;
				SWIFT_OBJC_BRIDGING_HEADER = "cleanplate/cleanplate-Bridging-Header.h";
				SWIFT_OPTIMIZATION_LEVEL = "-Onone";
				SWIFT_VERSION = 5.0;
				TARGETED_DEVICE_FAMILY = "1,2";
				VERSIONING_SYSTEM = "apple-generic";
			};
			name = Debug;
		};
		13B07F951A680F5B00A75B9A /* Release */ = {
			isa = XCBuildConfiguration;
			baseConfigurationReference = 3F11456272A91983635B1FC5 /* Pods-cleanplate.release.xcconfig */;
			buildSettings = {
				ASSETCATALOG_COMPILER_APPICON_NAME = AppIcon;
				CLANG_ENABLE_MODULES = YES;
				CODE_SIGN_ENTITLEMENTS = cleanplate/cleanplate.entitlements;
				CURRENT_PROJECT_VERSION = 1;
				INFOPLIST_FILE = cleanplate/Info.plist;
				IPHONEOS_DEPLOYMENT_TARGET = 15.1;
				LD_RUNPATH_SEARCH_PATHS = (
					"$(inherited)",
					"@executable_path/Frameworks",
				);
				MARKETING_VERSION = 1.0;
				OTHER_LDFLAGS = (
					"$(inherited)",
					"-ObjC",
					"-lc++",
				);
				OTHER_SWIFT_FLAGS = "$(inherited) -D EXPO_CONFIGURATION_RELEASE";
				PRODUCT_BUNDLE_IDENTIFIER = com.cleanplate.app;
				PRODUCT_NAME = cleanplate;
				SWIFT_OBJC_BRIDGING_HEADER = "cleanplate/cleanplate-Bridging-Header.h";
				SWIFT_VERSION = 5.0;
				TARGETED_DEVICE_FAMILY = "1,2";
				VERSIONING_SYSTEM = "apple-generic";
			};
			name = Release;
		};
		83CBBA201A601CBA00E9B192 /* Debug */ = {
			isa = XCBuildConfiguration;
			buildSettings = {
				ALWAYS_SEARCH_USER_PATHS = NO;
				CLANG_ANALYZER_LOCALIZABILITY_NONLOCALIZED = YES;
				CLANG_CXX_LANGUAGE_STANDARD = "c++20";
				CLANG_CXX_LIBRARY = "libc++";
				CLANG_ENABLE_MODULES = YES;
				CLANG_ENABLE_OBJC_ARC = YES;
				CLANG_WARN_BLOCK_CAPTURE_AUTORELEASING = YES;
				CLANG_WARN_BOOL_CONVERSION = YES;
				CLANG_WARN_COMMA = YES;
				CLANG_WARN_CONSTANT_CONVERSION = YES;
				CLANG_WARN_DEPRECATED_OBJC_IMPLEMENTATIONS = YES;
				CLANG_WARN_DIRECT_OBJC_ISA_USAGE = YES_ERROR;
				CLANG_WARN_EMPTY_BODY = YES;
				CLANG_WARN_ENUM_CONVERSION = YES;
				CLANG_WARN_INFINITE_RECURSION = YES;
				CLANG_WARN_INT_CONVERSION = YES;
				CLANG_WARN_NON_LITERAL_NULL_CONVERSION = YES;
				CLANG_WARN_OBJC_IMPLICIT_RETAIN_SELF = YES;
				CLANG_WARN_OBJC_LITERAL_CONVERSION = YES;
				CLANG_WARN_OBJC_ROOT_CLASS = YES_ERROR;
				CLANG_WARN_RANGE_LOOP_ANALYSIS = YES;
				CLANG_WARN_STRICT_PROTOTYPES = YES;
				CLANG_WARN_SUSPICIOUS_MOVE = YES;
				CLANG_WARN_UNREACHABLE_CODE = YES;
				CLANG_WARN__DUPLICATE_METHOD_MATCH = YES;
				"CODE_SIGN_IDENTITY[sdk=iphoneos*]" = "iPhone Developer";
				COPY_PHASE_STRIP = NO;
				ENABLE_STRICT_OBJC_MSGSEND = YES;
				ENABLE_TESTABILITY = YES;
				GCC_C_LANGUAGE_STANDARD = gnu99;
				GCC_DYNAMIC_NO_PIC = NO;
				GCC_NO_COMMON_BLOCKS = YES;
				GCC_OPTIMIZATION_LEVEL = 0;
				GCC_PREPROCESSOR_DEFINITIONS = (
					"DEBUG=1",
					"$(inherited)",
				);
				GCC_SYMBOLS_PRIVATE_EXTERN = NO;
				GCC_WARN_64_TO_32_BIT_CONVERSION = YES;
				GCC_WARN_ABOUT_RETURN_TYPE = YES_ERROR;
				GCC_WARN_UNDECLARED_SELECTOR = YES;
				GCC_WARN_UNINITIALIZED_AUTOS = YES_AGGRESSIVE;
				GCC_WARN_UNUSED_FUNCTION = YES;
				GCC_WARN_UNUSED_VARIABLE = YES;
				IPHONEOS_DEPLOYMENT_TARGET = 15.1;
				LD_RUNPATH_SEARCH_PATHS = (
					/usr/lib/swift,
					"$(inherited)",
				);
				LIBRARY_SEARCH_PATHS = "$(SDKROOT)/usr/lib/swift\"$(inherited)\"";
				MTL_ENABLE_DEBUG_INFO = YES;
				ONLY_ACTIVE_ARCH = YES;
				REACT_NATIVE_PATH = "${PODS_ROOT}/../../node_modules/.pnpm/react-native@0.81.5_@babel+core@7.28.5_@types+react@19.1.17_react@19.1.0/node_modules/react-native";
				SDKROOT = iphoneos;
				SWIFT_ACTIVE_COMPILATION_CONDITIONS = "$(inherited) DEBUG";
				SWIFT_ENABLE_EXPLICIT_MODULES = NO;
				USE_HERMES = true;
			};
			name = Debug;
		};
		83CBBA211A601CBA00E9B192 /* Release */ = {
			isa = XCBuildConfiguration;
			buildSettings = {
				ALWAYS_SEARCH_USER_PATHS = NO;
				CLANG_ANALYZER_LOCALIZABILITY_NONLOCALIZED = YES;
				CLANG_CXX_LANGUAGE_STANDARD = "c++20";
				CLANG_CXX_LIBRARY = "libc++";
				CLANG_ENABLE_MODULES = YES;
				CLANG_ENABLE_OBJC_ARC = YES;
				CLANG_WARN_BLOCK_CAPTURE_AUTORELEASING = YES;
				CLANG_WARN_BOOL_CONVERSION = YES;
				CLANG_WARN_COMMA = YES;
				CLANG_WARN_CONSTANT_CONVERSION = YES;
				CLANG_WARN_DEPRECATED_OBJC_IMPLEMENTATIONS = YES;
				CLANG_WARN_DIRECT_OBJC_ISA_USAGE = YES_ERROR;
				CLANG_WARN_EMPTY_BODY = YES;
				CLANG_WARN_ENUM_CONVERSION = YES;
				CLANG_WARN_INFINITE_RECURSION = YES;
				CLANG_WARN_INT_CONVERSION = YES;
				CLANG_WARN_NON_LITERAL_NULL_CONVERSION = YES;
				CLANG_WARN_OBJC_IMPLICIT_RETAIN_SELF = YES;
				CLANG_WARN_OBJC_LITERAL_CONVERSION = YES;
				CLANG_WARN_OBJC_ROOT_CLASS = YES_ERROR;
				CLANG_WARN_RANGE_LOOP_ANALYSIS = YES;
				CLANG_WARN_STRICT_PROTOTYPES = YES;
				CLANG_WARN_SUSPICIOUS_MOVE = YES;
				CLANG_WARN_UNREACHABLE_CODE = YES;
				CLANG_WARN__DUPLICATE_METHOD_MATCH = YES;
				"CODE_SIGN_IDENTITY[sdk=iphoneos*]" = "iPhone Developer";
				COPY_PHASE_STRIP = YES;
				ENABLE_NS_ASSERTIONS = NO;
				ENABLE_STRICT_OBJC_MSGSEND = YES;
				GCC_C_LANGUAGE_STANDARD = gnu99;
				GCC_NO_COMMON_BLOCKS = YES;
				GCC_WARN_64_TO_32_BIT_CONVERSION = YES;
				GCC_WARN_ABOUT_RETURN_TYPE = YES_ERROR;
				GCC_WARN_UNDECLARED_SELECTOR = YES;
				GCC_WARN_UNINITIALIZED_AUTOS = YES_AGGRESSIVE;
				GCC_WARN_UNUSED_FUNCTION = YES;
				GCC_WARN_UNUSED_VARIABLE = YES;
				IPHONEOS_DEPLOYMENT_TARGET = 15.1;
				LD_RUNPATH_SEARCH_PATHS = (
					/usr/lib/swift,
					"$(inherited)",
				);
				LIBRARY_SEARCH_PATHS = "$(SDKROOT)/usr/lib/swift\"$(inherited)\"";
				MTL_ENABLE_DEBUG_INFO = NO;
				REACT_NATIVE_PATH = "${PODS_ROOT}/../../node_modules/.pnpm/react-native@0.81.5_@babel+core@7.28.5_@types+react@19.1.17_react@19.1.0/node_modules/react-native";
				SDKROOT = iphoneos;
				SWIFT_ENABLE_EXPLICIT_MODULES = NO;
				USE_HERMES = true;
				VALIDATE_PRODUCT = YES;
			};
			name = Release;
		};
/* End XCBuildConfiguration section */

/* Begin XCConfigurationList section */
		13B07F931A680F5B00A75B9A /* Build configuration list for PBXNativeTarget "cleanplate" */ = {
			isa = XCConfigurationList;
			buildConfigurations = (
				13B07F941A680F5B00A75B9A /* Debug */,
				13B07F951A680F5B00A75B9A /* Release */,
			);
			defaultConfigurationIsVisible = 0;
			defaultConfigurationName = Release;
		};
		83CBB9FA1A601CBA00E9B192 /* Build configuration list for PBXProject "cleanplate" */ = {
			isa = XCConfigurationList;
			buildConfigurations = (
				83CBBA201A601CBA00E9B192 /* Debug */,
				83CBBA211A601CBA00E9B192 /* Release */,
			);
			defaultConfigurationIsVisible = 0;
			defaultConfigurationName = Release;
		};
/* End XCConfigurationList section */
	};
	rootObject = 83CBB9F71A601CBA00E9B192 /* Project object */;
}
